<?xml version="1.0" encoding="utf-8"?>
<Project ToolsVersion="4.0" xmlns="http://schemas.microsoft.com/developer/msbuild/2003">
  <ItemGroup>
    <Filter Include="Quelldateien">
      <UniqueIdentifier>{4FC737F1-C7A5-4376-A066-2A32D752A2FF}</UniqueIdentifier>
      <Extensions>cpp;c;cc;cxx;def;odl;idl;hpj;bat;asm;asmx</Extensions>
    </Filter>
    <Filter Include="Headerdateien">
      <UniqueIdentifier>{93995380-89BD-4b04-88EB-625FBE52EBFB}</UniqueIdentifier>
      <Extensions>h;hh;hpp;hxx;hm;inl;inc;ipp;xsd</Extensions>
    </Filter>
    <Filter Include="Ressourcendateien">
      <UniqueIdentifier>{67DA6AB6-F800-4c08-8B7A-83BB121AAD01}</UniqueIdentifier>
      <Extensions>rc;ico;cur;bmp;dlg;rc2;rct;bin;rgs;gif;jpg;jpeg;jpe;resx;tiff;tif;png;wav;mfcribbon-ms</Extensions>
    </Filter>
    <Filter Include="Quelldateien\loader">
      <UniqueIdentifier>{f1deae46-ac43-410a-83ce-6b5172f04b77}</UniqueIdentifier>
    </Filter>
    <Filter Include="Quelldateien\helper">
      <UniqueIdentifier>{8d27781b-fb1b-4bb8-bec9-273a747e84b7}</UniqueIdentifier>
    </Filter>
    <Filter Include="Quelldateien\loader\security">
      <UniqueIdentifier>{fd8304b6-692c-4bfe-a7f0-df4895261053}</UniqueIdentifier>
    </Filter>
  </ItemGroup>
  <ItemGroup>
    <ClCompile Include="login.cpp">
      <Filter>Quelldateien</Filter>
    </ClCompile>
    <ClCompile Include="loader.cpp">
      <Filter>Quelldateien\loader</Filter>
    </ClCompile>
    <ClCompile Include="login_key.cpp">
      <Filter>Quelldateien</Filter>
    </ClCompile>
    <ClCompile Include="md5.cpp">
      <Filter>Quelldateien\helper</Filter>
    </ClCompile>
    <ClCompile Include="crypt.cpp">
      <Filter>Quelldateien\loader</Filter>
    </ClCompile>
    <ClCompile Include="security.cpp">
      <Filter>Quelldateien\loader\security</Filter>
    </ClCompile>
  </ItemGroup>
  <ItemGroup>
    <ClInclude Include="loader.h">
      <Filter>Quelldateien\loader</Filter>
    </ClInclude>
    <ClInclude Include="login.h">
      <Filter>Headerdateien</Filter>
    </ClInclude>
    <ClInclude Include="login_key.h">
      <Filter>Headerdateien</Filter>
    </ClInclude>
    <ClInclude Include="md5.h">
      <Filter>Quelldateien\helper</Filter>
    </ClInclude>
    <ClInclude Include="security.h">
      <Filter>Quelldateien\loader\security</Filter>
    </ClInclude>
  </ItemGroup>
</Project>